
Microsoft Visual Studio Solution File, Format Version 12.00
# Visual Studio Version 18
VisualStudioVersion = 18.1.11312.151 d18.0
MinimumVisualStudioVersion = 10.0.40219.1
Project("{2150E333-8FDC-42A3-9474-1A3956D46DE8}") = "src", "src", "{A6FBB9F0-DFD4-4CA2-A20E-280DFC1BD876}"
EndProject
Project("{FAE04EC0-301F-11D3-BF4B-00C04F79EFBC}") = "WPFCore.App", "src\WPFCore.App\WPFCore.App.csproj", "{E085A0E6-D5F9-4434-BA25-F5A64B06FE88}"
EndProject
Project("{2150E333-8FDC-42A3-9474-1A3956D46DE8}") = "tests", "tests", "{19CB02FB-7FEA-4731-9403-B00918A24AEB}"
EndProject
Project("{FAE04EC0-301F-11D3-BF4B-00C04F79EFBC}") = "WPFCore.Tests", "tests\WPFCore.Tests\WPFCore.Tests.csproj", "{09C06546-7E7B-4949-BB64-A0B49AF0F483}"
EndProject
Project("{2150E333-8FDC-42A3-9474-1A3956D46DE8}") = "docs", "docs", "{C3D4E5F6-A7B8-9012-CDEF-345678901234}"
EndProject
Global
	GlobalSection(SolutionConfigurationPlatforms) = preSolution
		Debug|Any CPU = Debug|Any CPU
		Release|Any CPU = Release|Any CPU
	EndGlobalSection
	GlobalSection(ProjectConfigurationPlatforms) = postSolution
		{E085A0E6-D5F9-4434-BA25-F5A64B06FE88}.Debug|Any CPU.ActiveCfg = Debug|Any CPU
		{E085A0E6-D5F9-4434-BA25-F5A64B06FE88}.Debug|Any CPU.Build.0 = Debug|Any CPU
		{E085A0E6-D5F9-4434-BA25-F5A64B06FE88}.Release|Any CPU.ActiveCfg = Release|Any CPU
		{E085A0E6-D5F9-4434-BA25-F5A64B06FE88}.Release|Any CPU.Build.0 = Release|Any CPU
		{09C06546-7E7B-4949-BB64-A0B49AF0F483}.Debug|Any CPU.ActiveCfg = Debug|Any CPU
		{09C06546-7E7B-4949-BB64-A0B49AF0F483}.Debug|Any CPU.Build.0 = Debug|Any CPU
		{09C06546-7E7B-4949-BB64-A0B49AF0F483}.Release|Any CPU.ActiveCfg = Release|Any CPU
		{09C06546-7E7B-4949-BB64-A0B49AF0F483}.Release|Any CPU.Build.0 = Release|Any CPU
	EndGlobalSection
	GlobalSection(SolutionProperties) = preSolution
		HideSolutionNode = FALSE
	EndGlobalSection
	GlobalSection(NestedProjects) = preSolution
		{E085A0E6-D5F9-4434-BA25-F5A64B06FE88} = {A6FBB9F0-DFD4-4CA2-A20E-280DFC1BD876}
		{09C06546-7E7B-4949-BB64-A0B49AF0F483} = {19CB02FB-7FEA-4731-9403-B00918A24AEB}
	EndGlobalSection
EndGlobal
